// !$*UTF8*$!
{
	archiveVersion = 1;
	classes = {
	};
	objectVersion = 51;
	objects = {

/* Begin PBXBuildFile section */
		D9CAF69626A1FA2D00BDEE4C /* AppDelegate.swift in Sources */ = {isa = PBXBuildFile; fileRef = D9CAF69526A1FA2D00BDEE4C /* AppDelegate.swift */; };
		D9CAF69F26A1FA3300BDEE4C /* Assets.xcassets in Resources */ = {isa = PBXBuildFile; fileRef = D9CAF69E26A1FA3300BDEE4C /* Assets.xcassets */; };
		D9CAF6A226A1FA3300BDEE4C /* LaunchScreen.storyboard in Resources */ = {isa = PBXBuildFile; fileRef = D9CAF6A026A1FA3300BDEE4C /* LaunchScreen.storyboard */; };
		D9CAF6D826A1FE4200BDEE4C /* ActivityIndicator.swift in Sources */ = {isa = PBXBuildFile; fileRef = D9CAF6B126A1FE4200BDEE4C /* ActivityIndicator.swift */; };
		D9CAF6DF26A1FE4200BDEE4C /* Router.swift in Sources */ = {isa = PBXBuildFile; fileRef = D9CAF6BC26A1FE4200BDEE4C /* Router.swift */; };
		D9CAF6E026A1FE4200BDEE4C /* Navigatable.swift in Sources */ = {isa = PBXBuildFile; fileRef = D9CAF6BD26A1FE4200BDEE4C /* Navigatable.swift */; };
		D9CAF6E126A1FE4200BDEE4C /* Navigator.swift in Sources */ = {isa = PBXBuildFile; fileRef = D9CAF6BE26A1FE4200BDEE4C /* Navigator.swift */; };
		D9CAF6E226A1FE4200BDEE4C /* TableViewDataSource.swift in Sources */ = {isa = PBXBuildFile; fileRef = D9CAF6C126A1FE4200BDEE4C /* TableViewDataSource.swift */; };
		D9CAF6E326A1FE4200BDEE4C /* Configurable.swift in Sources */ = {isa = PBXBuildFile; fileRef = D9CAF6C326A1FE4200BDEE4C /* Configurable.swift */; };
		D9CAF6E426A1FE4200BDEE4C /* DataSourceDelegate.swift in Sources */ = {isa = PBXBuildFile; fileRef = D9CAF6C426A1FE4200BDEE4C /* DataSourceDelegate.swift */; };
		D9CAF6E526A1FE4200BDEE4C /* UIViewController + NVActivityIndicator.swift in Sources */ = {isa = PBXBuildFile; fileRef = D9CAF6C726A1FE4200BDEE4C /* UIViewController + NVActivityIndicator.swift */; };
		D9CAF6E626A1FE4200BDEE4C /* UIView.swift in Sources */ = {isa = PBXBuildFile; fileRef = D9CAF6C826A1FE4200BDEE4C /* UIView.swift */; };
		D9CAF6E726A1FE4200BDEE4C /* UIViewController + Navigator.swift in Sources */ = {isa = PBXBuildFile; fileRef = D9CAF6C926A1FE4200BDEE4C /* UIViewController + Navigator.swift */; };
		D9CAF6E826A1FE4200BDEE4C /* UIViewController + Alert.swift in Sources */ = {isa = PBXBuildFile; fileRef = D9CAF6CA26A1FE4200BDEE4C /* UIViewController + Alert.swift */; };
		D9CAF6E926A1FE4200BDEE4C /* UITableView.swift in Sources */ = {isa = PBXBuildFile; fileRef = D9CAF6CB26A1FE4200BDEE4C /* UITableView.swift */; };
		D9CAF6EA26A1FE4200BDEE4C /* UIImageView + Kingfisher.swift in Sources */ = {isa = PBXBuildFile; fileRef = D9CAF6CC26A1FE4200BDEE4C /* UIImageView + Kingfisher.swift */; };
		D9CAF6EB26A1FE4200BDEE4C /* UIViewController.swift in Sources */ = {isa = PBXBuildFile; fileRef = D9CAF6CD26A1FE4200BDEE4C /* UIViewController.swift */; };
		D9CAF6EC26A1FE4200BDEE4C /* UIApplication.swift in Sources */ = {isa = PBXBuildFile; fileRef = D9CAF6CE26A1FE4200BDEE4C /* UIApplication.swift */; };
		D9CAF6ED26A1FE4200BDEE4C /* UIView + Animation.swift in Sources */ = {isa = PBXBuildFile; fileRef = D9CAF6CF26A1FE4200BDEE4C /* UIView + Animation.swift */; };
		D9CAF6EF26A1FE4200BDEE4C /* Int.swift in Sources */ = {isa = PBXBuildFile; fileRef = D9CAF6D226A1FE4200BDEE4C /* Int.swift */; };
		D9CAF6F026A1FE4200BDEE4C /* AppAlerts.swift in Sources */ = {isa = PBXBuildFile; fileRef = D9CAF6D426A1FE4200BDEE4C /* AppAlerts.swift */; };
		D9CAF6F126A1FE4200BDEE4C /* AppTitle.swift in Sources */ = {isa = PBXBuildFile; fileRef = D9CAF6D526A1FE4200BDEE4C /* AppTitle.swift */; };
		D9CAF70126A1FE4900BDEE4C /* ServiceType.swift in Sources */ = {isa = PBXBuildFile; fileRef = D9CAF6FB26A1FE4900BDEE4C /* ServiceType.swift */; };
		D9CAF70226A1FE4900BDEE4C /* BaseAPIParametersProtocol.swift in Sources */ = {isa = PBXBuildFile; fileRef = D9CAF6FC26A1FE4900BDEE4C /* BaseAPIParametersProtocol.swift */; };
		D9CAF70326A1FE4900BDEE4C /* MoyaServiceHelper.swift in Sources */ = {isa = PBXBuildFile; fileRef = D9CAF6FD26A1FE4900BDEE4C /* MoyaServiceHelper.swift */; };
		D9CAF70526A1FE5200BDEE4C /* AppRouter.swift in Sources */ = {isa = PBXBuildFile; fileRef = D9CAF70426A1FE5200BDEE4C /* AppRouter.swift */; };
		E883EDF61E159D363BB284C4 /* Pods_WWNews.framework in Frameworks */ = {isa = PBXBuildFile; fileRef = C7AA8403CB32D0BE6EF8D818 /* Pods_WWNews.framework */; };
/* End PBXBuildFile section */

/* Begin PBXFileReference section */
		2697DB412582169D5B243429 /* Pods-WWNews.debug.xcconfig */ = {isa = PBXFileReference; includeInIndex = 1; lastKnownFileType = text.xcconfig; name = "Pods-WWNews.debug.xcconfig"; path = "Target Support Files/Pods-WWNews/Pods-WWNews.debug.xcconfig"; sourceTree = "<group>"; };
		951982DA5CF3C6DCE06EEE59 /* Pods-WWNews.release.xcconfig */ = {isa = PBXFileReference; includeInIndex = 1; lastKnownFileType = text.xcconfig; name = "Pods-WWNews.release.xcconfig"; path = "Target Support Files/Pods-WWNews/Pods-WWNews.release.xcconfig"; sourceTree = "<group>"; };
		C7AA8403CB32D0BE6EF8D818 /* Pods_WWNews.framework */ = {isa = PBXFileReference; explicitFileType = wrapper.framework; includeInIndex = 0; path = Pods_WWNews.framework; sourceTree = BUILT_PRODUCTS_DIR; };
		D9CAF69226A1FA2D00BDEE4C /* WWNews.app */ = {isa = PBXFileReference; explicitFileType = wrapper.application; includeInIndex = 0; path = WWNews.app; sourceTree = BUILT_PRODUCTS_DIR; };
		D9CAF69526A1FA2D00BDEE4C /* AppDelegate.swift */ = {isa = PBXFileReference; lastKnownFileType = sourcecode.swift; path = AppDelegate.swift; sourceTree = "<group>"; };
		D9CAF69E26A1FA3300BDEE4C /* Assets.xcassets */ = {isa = PBXFileReference; lastKnownFileType = folder.assetcatalog; path = Assets.xcassets; sourceTree = "<group>"; };
		D9CAF6A126A1FA3300BDEE4C /* Base */ = {isa = PBXFileReference; lastKnownFileType = file.storyboard; name = Base; path = Base.lproj/LaunchScreen.storyboard; sourceTree = "<group>"; };
		D9CAF6A326A1FA3300BDEE4C /* Info.plist */ = {isa = PBXFileReference; lastKnownFileType = text.plist.xml; path = Info.plist; sourceTree = "<group>"; };
		D9CAF6B126A1FE4200BDEE4C /* ActivityIndicator.swift */ = {isa = PBXFileReference; fileEncoding = 4; lastKnownFileType = sourcecode.swift; path = ActivityIndicator.swift; sourceTree = "<group>"; };
		D9CAF6BC26A1FE4200BDEE4C /* Router.swift */ = {isa = PBXFileReference; fileEncoding = 4; lastKnownFileType = sourcecode.swift; path = Router.swift; sourceTree = "<group>"; };
		D9CAF6BD26A1FE4200BDEE4C /* Navigatable.swift */ = {isa = PBXFileReference; fileEncoding = 4; lastKnownFileType = sourcecode.swift; path = Navigatable.swift; sourceTree = "<group>"; };
		D9CAF6BE26A1FE4200BDEE4C /* Navigator.swift */ = {isa = PBXFileReference; fileEncoding = 4; lastKnownFileType = sourcecode.swift; path = Navigator.swift; sourceTree = "<group>"; };
		D9CAF6C126A1FE4200BDEE4C /* TableViewDataSource.swift */ = {isa = PBXFileReference; fileEncoding = 4; lastKnownFileType = sourcecode.swift; path = TableViewDataSource.swift; sourceTree = "<group>"; };
		D9CAF6C326A1FE4200BDEE4C /* Configurable.swift */ = {isa = PBXFileReference; fileEncoding = 4; lastKnownFileType = sourcecode.swift; path = Configurable.swift; sourceTree = "<group>"; };
		D9CAF6C426A1FE4200BDEE4C /* DataSourceDelegate.swift */ = {isa = PBXFileReference; fileEncoding = 4; lastKnownFileType = sourcecode.swift; path = DataSourceDelegate.swift; sourceTree = "<group>"; };
		D9CAF6C726A1FE4200BDEE4C /* UIViewController + NVActivityIndicator.swift */ = {isa = PBXFileReference; fileEncoding = 4; lastKnownFileType = sourcecode.swift; path = "UIViewController + NVActivityIndicator.swift"; sourceTree = "<group>"; };
		D9CAF6C826A1FE4200BDEE4C /* UIView.swift */ = {isa = PBXFileReference; fileEncoding = 4; lastKnownFileType = sourcecode.swift; path = UIView.swift; sourceTree = "<group>"; };
		D9CAF6C926A1FE4200BDEE4C /* UIViewController + Navigator.swift */ = {isa = PBXFileReference; fileEncoding = 4; lastKnownFileType = sourcecode.swift; path = "UIViewController + Navigator.swift"; sourceTree = "<group>"; };
		D9CAF6CA26A1FE4200BDEE4C /* UIViewController + Alert.swift */ = {isa = PBXFileReference; fileEncoding = 4; lastKnownFileType = sourcecode.swift; path = "UIViewController + Alert.swift"; sourceTree = "<group>"; };
		D9CAF6CB26A1FE4200BDEE4C /* UITableView.swift */ = {isa = PBXFileReference; fileEncoding = 4; lastKnownFileType = sourcecode.swift; path = UITableView.swift; sourceTree = "<group>"; };
		D9CAF6CC26A1FE4200BDEE4C /* UIImageView + Kingfisher.swift */ = {isa = PBXFileReference; fileEncoding = 4; lastKnownFileType = sourcecode.swift; path = "UIImageView + Kingfisher.swift"; sourceTree = "<group>"; };
		D9CAF6CD26A1FE4200BDEE4C /* UIViewController.swift */ = {isa = PBXFileReference; fileEncoding = 4; lastKnownFileType = sourcecode.swift; path = UIViewController.swift; sourceTree = "<group>"; };
		D9CAF6CE26A1FE4200BDEE4C /* UIApplication.swift */ = {isa = PBXFileReference; fileEncoding = 4; lastKnownFileType = sourcecode.swift; path = UIApplication.swift; sourceTree = "<group>"; };
		D9CAF6CF26A1FE4200BDEE4C /* UIView + Animation.swift */ = {isa = PBXFileReference; fileEncoding = 4; lastKnownFileType = sourcecode.swift; path = "UIView + Animation.swift"; sourceTree = "<group>"; };
		D9CAF6D226A1FE4200BDEE4C /* Int.swift */ = {isa = PBXFileReference; fileEncoding = 4; lastKnownFileType = sourcecode.swift; path = Int.swift; sourceTree = "<group>"; };
		D9CAF6D426A1FE4200BDEE4C /* AppAlerts.swift */ = {isa = PBXFileReference; fileEncoding = 4; lastKnownFileType = sourcecode.swift; path = AppAlerts.swift; sourceTree = "<group>"; };
		D9CAF6D526A1FE4200BDEE4C /* AppTitle.swift */ = {isa = PBXFileReference; fileEncoding = 4; lastKnownFileType = sourcecode.swift; path = AppTitle.swift; sourceTree = "<group>"; };
		D9CAF6FB26A1FE4900BDEE4C /* ServiceType.swift */ = {isa = PBXFileReference; fileEncoding = 4; lastKnownFileType = sourcecode.swift; path = ServiceType.swift; sourceTree = "<group>"; };
		D9CAF6FC26A1FE4900BDEE4C /* BaseAPIParametersProtocol.swift */ = {isa = PBXFileReference; fileEncoding = 4; lastKnownFileType = sourcecode.swift; path = BaseAPIParametersProtocol.swift; sourceTree = "<group>"; };
		D9CAF6FD26A1FE4900BDEE4C /* MoyaServiceHelper.swift */ = {isa = PBXFileReference; fileEncoding = 4; lastKnownFileType = sourcecode.swift; path = MoyaServiceHelper.swift; sourceTree = "<group>"; };
		D9CAF70426A1FE5200BDEE4C /* AppRouter.swift */ = {isa = PBXFileReference; fileEncoding = 4; lastKnownFileType = sourcecode.swift; path = AppRouter.swift; sourceTree = "<group>"; };
		D9CAF70626A2040400BDEE4C /* configurations.debug.xcconfig */ = {isa = PBXFileReference; lastKnownFileType = text.xcconfig; path = configurations.debug.xcconfig; sourceTree = "<group>"; };
		D9CAF70726A20C0400BDEE4C /* configurations.release.xcconfig */ = {isa = PBXFileReference; lastKnownFileType = text.xcconfig; path = configurations.release.xcconfig; sourceTree = "<group>"; };
/* End PBXFileReference section */

/* Begin PBXFrameworksBuildPhase section */
		D9CAF68F26A1FA2D00BDEE4C /* Frameworks */ = {
			isa = PBXFrameworksBuildPhase;
			buildActionMask = 2147483647;
			files = (
				E883EDF61E159D363BB284C4 /* Pods_WWNews.framework in Frameworks */,
			);
			runOnlyForDeploymentPostprocessing = 0;
		};
/* End PBXFrameworksBuildPhase section */

/* Begin PBXGroup section */
		AE923AC1BA8DC4D5F551C184 /* Pods */ = {
			isa = PBXGroup;
			children = (
				2697DB412582169D5B243429 /* Pods-WWNews.debug.xcconfig */,
				951982DA5CF3C6DCE06EEE59 /* Pods-WWNews.release.xcconfig */,
			);
			path = Pods;
			sourceTree = "<group>";
		};
		D9CAF68926A1FA2D00BDEE4C = {
			isa = PBXGroup;
			children = (
				D9CAF69426A1FA2D00BDEE4C /* WWNews */,
				D9CAF69326A1FA2D00BDEE4C /* Products */,
				AE923AC1BA8DC4D5F551C184 /* Pods */,
				EBA6241C6A760FD08289ACB7 /* Frameworks */,
			);
			sourceTree = "<group>";
		};
		D9CAF69326A1FA2D00BDEE4C /* Products */ = {
			isa = PBXGroup;
			children = (
				D9CAF69226A1FA2D00BDEE4C /* WWNews.app */,
			);
			name = Products;
			sourceTree = "<group>";
		};
		D9CAF69426A1FA2D00BDEE4C /* WWNews */ = {
			isa = PBXGroup;
			children = (
				D9CAF6AC26A1FB8000BDEE4C /* App */,
				D9CAF6AD26A1FB9D00BDEE4C /* Configuration */,
				D9CAF6A926A1FB6900BDEE4C /* Resources */,
				D9CAF6F326A1FE4900BDEE4C /* Services */,
				D9CAF6AE26A1FE4200BDEE4C /* Core */,
				D9CAF6AA26A1FB7300BDEE4C /* Screens */,
			);
			path = WWNews;
			sourceTree = "<group>";
		};
		D9CAF6A926A1FB6900BDEE4C /* Resources */ = {
			isa = PBXGroup;
			children = (
				D9CAF69E26A1FA3300BDEE4C /* Assets.xcassets */,
			);
			path = Resources;
			sourceTree = "<group>";
		};
		D9CAF6AA26A1FB7300BDEE4C /* Screens */ = {
			isa = PBXGroup;
			children = (
				D9CAF6A026A1FA3300BDEE4C /* LaunchScreen.storyboard */,
			);
			path = Screens;
			sourceTree = "<group>";
		};
		D9CAF6AC26A1FB8000BDEE4C /* App */ = {
			isa = PBXGroup;
			children = (
				D9CAF69526A1FA2D00BDEE4C /* AppDelegate.swift */,
				D9CAF70426A1FE5200BDEE4C /* AppRouter.swift */,
			);
			path = App;
			sourceTree = "<group>";
		};
		D9CAF6AD26A1FB9D00BDEE4C /* Configuration */ = {
			isa = PBXGroup;
			children = (
				D9CAF6A326A1FA3300BDEE4C /* Info.plist */,
				D9CAF70626A2040400BDEE4C /* configurations.debug.xcconfig */,
				D9CAF70726A20C0400BDEE4C /* configurations.release.xcconfig */,
			);
			path = Configuration;
			sourceTree = "<group>";
		};
		D9CAF6AE26A1FE4200BDEE4C /* Core */ = {
			isa = PBXGroup;
			children = (
				D9CAF6D326A1FE4200BDEE4C /* App Strings */,
				D9CAF6AF26A1FE4200BDEE4C /* Reusable UI */,
				D9CAF6B226A1FE4200BDEE4C /* Models */,
				D9CAF6C526A1FE4200BDEE4C /* Extensions */,
			);
			path = Core;
			sourceTree = "<group>";
		};
		D9CAF6AF26A1FE4200BDEE4C /* Reusable UI */ = {
			isa = PBXGroup;
			children = (
				D9CAF6B026A1FE4200BDEE4C /* Views */,
			);
			path = "Reusable UI";
			sourceTree = "<group>";
		};
		D9CAF6B026A1FE4200BDEE4C /* Views */ = {
			isa = PBXGroup;
			children = (
				D9CAF6B126A1FE4200BDEE4C /* ActivityIndicator.swift */,
			);
			path = Views;
			sourceTree = "<group>";
		};
		D9CAF6B226A1FE4200BDEE4C /* Models */ = {
			isa = PBXGroup;
			children = (
				D9CAF6BA26A1FE4200BDEE4C /* Navigation */,
				D9CAF6BF26A1FE4200BDEE4C /* Data Sourse */,
			);
			path = Models;
			sourceTree = "<group>";
		};
		D9CAF6BA26A1FE4200BDEE4C /* Navigation */ = {
			isa = PBXGroup;
			children = (
				D9CAF6BB26A1FE4200BDEE4C /* Base */,
			);
			path = Navigation;
			sourceTree = "<group>";
		};
		D9CAF6BB26A1FE4200BDEE4C /* Base */ = {
			isa = PBXGroup;
			children = (
				D9CAF6BC26A1FE4200BDEE4C /* Router.swift */,
				D9CAF6BD26A1FE4200BDEE4C /* Navigatable.swift */,
				D9CAF6BE26A1FE4200BDEE4C /* Navigator.swift */,
			);
			path = Base;
			sourceTree = "<group>";
		};
		D9CAF6BF26A1FE4200BDEE4C /* Data Sourse */ = {
			isa = PBXGroup;
			children = (
				D9CAF6C026A1FE4200BDEE4C /* Table View */,
				D9CAF6C226A1FE4200BDEE4C /* Protocols */,
			);
			path = "Data Sourse";
			sourceTree = "<group>";
		};
		D9CAF6C026A1FE4200BDEE4C /* Table View */ = {
			isa = PBXGroup;
			children = (
				D9CAF6C126A1FE4200BDEE4C /* TableViewDataSource.swift */,
			);
			path = "Table View";
			sourceTree = "<group>";
		};
		D9CAF6C226A1FE4200BDEE4C /* Protocols */ = {
			isa = PBXGroup;
			children = (
				D9CAF6C326A1FE4200BDEE4C /* Configurable.swift */,
				D9CAF6C426A1FE4200BDEE4C /* DataSourceDelegate.swift */,
			);
			path = Protocols;
			sourceTree = "<group>";
		};
		D9CAF6C526A1FE4200BDEE4C /* Extensions */ = {
			isa = PBXGroup;
			children = (
				D9CAF6C626A1FE4200BDEE4C /* UIKit */,
				D9CAF6D026A1FE4200BDEE4C /* Foundation */,
			);
			path = Extensions;
			sourceTree = "<group>";
		};
		D9CAF6C626A1FE4200BDEE4C /* UIKit */ = {
			isa = PBXGroup;
			children = (
				D9CAF6C726A1FE4200BDEE4C /* UIViewController + NVActivityIndicator.swift */,
				D9CAF6C826A1FE4200BDEE4C /* UIView.swift */,
				D9CAF6C926A1FE4200BDEE4C /* UIViewController + Navigator.swift */,
				D9CAF6CA26A1FE4200BDEE4C /* UIViewController + Alert.swift */,
				D9CAF6CB26A1FE4200BDEE4C /* UITableView.swift */,
				D9CAF6CC26A1FE4200BDEE4C /* UIImageView + Kingfisher.swift */,
				D9CAF6CD26A1FE4200BDEE4C /* UIViewController.swift */,
				D9CAF6CE26A1FE4200BDEE4C /* UIApplication.swift */,
				D9CAF6CF26A1FE4200BDEE4C /* UIView + Animation.swift */,
			);
			path = UIKit;
			sourceTree = "<group>";
		};
		D9CAF6D026A1FE4200BDEE4C /* Foundation */ = {
			isa = PBXGroup;
			children = (
				D9CAF6D226A1FE4200BDEE4C /* Int.swift */,
			);
			path = Foundation;
			sourceTree = "<group>";
		};
		D9CAF6D326A1FE4200BDEE4C /* App Strings */ = {
			isa = PBXGroup;
			children = (
				D9CAF6D426A1FE4200BDEE4C /* AppAlerts.swift */,
				D9CAF6D526A1FE4200BDEE4C /* AppTitle.swift */,
			);
			path = "App Strings";
			sourceTree = "<group>";
		};
		D9CAF6F326A1FE4900BDEE4C /* Services */ = {
			isa = PBXGroup;
			children = (
				D9CAF6F426A1FE4900BDEE4C /* Remote */,
			);
			path = Services;
			sourceTree = "<group>";
		};
		D9CAF6F426A1FE4900BDEE4C /* Remote */ = {
			isa = PBXGroup;
			children = (
				D9CAF6F526A1FE4900BDEE4C /* Modules */,
				D9CAF6FA26A1FE4900BDEE4C /* Base */,
			);
			path = Remote;
			sourceTree = "<group>";
		};
		D9CAF6F526A1FE4900BDEE4C /* Modules */ = {
			isa = PBXGroup;
			children = (
			);
			path = Modules;
			sourceTree = "<group>";
		};
		D9CAF6FA26A1FE4900BDEE4C /* Base */ = {
			isa = PBXGroup;
			children = (
				D9CAF6FB26A1FE4900BDEE4C /* ServiceType.swift */,
				D9CAF6FC26A1FE4900BDEE4C /* BaseAPIParametersProtocol.swift */,
				D9CAF6FD26A1FE4900BDEE4C /* MoyaServiceHelper.swift */,
			);
			path = Base;
			sourceTree = "<group>";
		};
		EBA6241C6A760FD08289ACB7 /* Frameworks */ = {
			isa = PBXGroup;
			children = (
				C7AA8403CB32D0BE6EF8D818 /* Pods_WWNews.framework */,
			);
			name = Frameworks;
			sourceTree = "<group>";
		};
/* End PBXGroup section */

/* Begin PBXNativeTarget section */
		D9CAF69126A1FA2D00BDEE4C /* WWNews */ = {
			isa = PBXNativeTarget;
			buildConfigurationList = D9CAF6A626A1FA3300BDEE4C /* Build configuration list for PBXNativeTarget "WWNews" */;
			buildPhases = (
				A73FA4EC8474912565291D18 /* [CP] Check Pods Manifest.lock */,
				D9CAF68E26A1FA2D00BDEE4C /* Sources */,
				D9CAF68F26A1FA2D00BDEE4C /* Frameworks */,
				D9CAF69026A1FA2D00BDEE4C /* Resources */,
				283E9B1DAFA7531422F475AD /* [CP] Embed Pods Frameworks */,
			);
			buildRules = (
			);
			dependencies = (
			);
			name = WWNews;
			productName = WWNews;
			productReference = D9CAF69226A1FA2D00BDEE4C /* WWNews.app */;
			productType = "com.apple.product-type.application";
		};
/* End PBXNativeTarget section */

/* Begin PBXProject section */
		D9CAF68A26A1FA2D00BDEE4C /* Project object */ = {
			isa = PBXProject;
			attributes = {
				LastSwiftUpdateCheck = 1250;
				LastUpgradeCheck = 1250;
				ORGANIZATIONNAME = "Mohamed Shemy";
				TargetAttributes = {
					D9CAF69126A1FA2D00BDEE4C = {
						CreatedOnToolsVersion = 12.5;
					};
				};
			};
			buildConfigurationList = D9CAF68D26A1FA2D00BDEE4C /* Build configuration list for PBXProject "WWNews" */;
			compatibilityVersion = "Xcode 9.3";
			developmentRegion = en;
			hasScannedForEncodings = 0;
			knownRegions = (
				en,
				Base,
			);
			mainGroup = D9CAF68926A1FA2D00BDEE4C;
			productRefGroup = D9CAF69326A1FA2D00BDEE4C /* Products */;
			projectDirPath = "";
			projectRoot = "";
			targets = (
				D9CAF69126A1FA2D00BDEE4C /* WWNews */,
			);
		};
/* End PBXProject section */

/* Begin PBXResourcesBuildPhase section */
		D9CAF69026A1FA2D00BDEE4C /* Resources */ = {
			isa = PBXResourcesBuildPhase;
			buildActionMask = 2147483647;
			files = (
				D9CAF6A226A1FA3300BDEE4C /* LaunchScreen.storyboard in Resources */,
				D9CAF69F26A1FA3300BDEE4C /* Assets.xcassets in Resources */,
			);
			runOnlyForDeploymentPostprocessing = 0;
		};
/* End PBXResourcesBuildPhase section */

/* Begin PBXShellScriptBuildPhase section */
		283E9B1DAFA7531422F475AD /* [CP] Embed Pods Frameworks */ = {
			isa = PBXShellScriptBuildPhase;
			buildActionMask = 2147483647;
			files = (
			);
			inputFileListPaths = (
				"${PODS_ROOT}/Target Support Files/Pods-WWNews/Pods-WWNews-frameworks-${CONFIGURATION}-input-files.xcfilelist",
			);
			name = "[CP] Embed Pods Frameworks";
			outputFileListPaths = (
				"${PODS_ROOT}/Target Support Files/Pods-WWNews/Pods-WWNews-frameworks-${CONFIGURATION}-output-files.xcfilelist",
			);
			runOnlyForDeploymentPostprocessing = 0;
			shellPath = /bin/sh;
			shellScript = "\"${PODS_ROOT}/Target Support Files/Pods-WWNews/Pods-WWNews-frameworks.sh\"\n";
			showEnvVarsInLog = 0;
		};
		A73FA4EC8474912565291D18 /* [CP] Check Pods Manifest.lock */ = {
			isa = PBXShellScriptBuildPhase;
			buildActionMask = 2147483647;
			files = (
			);
			inputFileListPaths = (
			);
			inputPaths = (
				"${PODS_PODFILE_DIR_PATH}/Podfile.lock",
				"${PODS_ROOT}/Manifest.lock",
			);
			name = "[CP] Check Pods Manifest.lock";
			outputFileListPaths = (
			);
			outputPaths = (
				"$(DERIVED_FILE_DIR)/Pods-WWNews-checkManifestLockResult.txt",
			);
			runOnlyForDeploymentPostprocessing = 0;
			shellPath = /bin/sh;
			shellScript = "diff \"${PODS_PODFILE_DIR_PATH}/Podfile.lock\" \"${PODS_ROOT}/Manifest.lock\" > /dev/null\nif [ $? != 0 ] ; then\n    # print error to STDERR\n    echo \"error: The sandbox is not in sync with the Podfile.lock. Run 'pod install' or update your CocoaPods installation.\" >&2\n    exit 1\nfi\n# This output is used by Xcode 'outputs' to avoid re-running this script phase.\necho \"SUCCESS\" > \"${SCRIPT_OUTPUT_FILE_0}\"\n";
			showEnvVarsInLog = 0;
		};
/* End PBXShellScriptBuildPhase section */

/* Begin PBXSourcesBuildPhase section */
		D9CAF68E26A1FA2D00BDEE4C /* Sources */ = {
			isa = PBXSourcesBuildPhase;
			buildActionMask = 2147483647;
			files = (
				D9CAF6E626A1FE4200BDEE4C /* UIView.swift in Sources */,
				D9CAF6E826A1FE4200BDEE4C /* UIViewController + Alert.swift in Sources */,
				D9CAF6E726A1FE4200BDEE4C /* UIViewController + Navigator.swift in Sources */,
				D9CAF6E026A1FE4200BDEE4C /* Navigatable.swift in Sources */,
				D9CAF70226A1FE4900BDEE4C /* BaseAPIParametersProtocol.swift in Sources */,
				D9CAF6E426A1FE4200BDEE4C /* DataSourceDelegate.swift in Sources */,
				D9CAF6D826A1FE4200BDEE4C /* ActivityIndicator.swift in Sources */,
				D9CAF69626A1FA2D00BDEE4C /* AppDelegate.swift in Sources */,
				D9CAF6E126A1FE4200BDEE4C /* Navigator.swift in Sources */,
				D9CAF6F026A1FE4200BDEE4C /* AppAlerts.swift in Sources */,
				D9CAF6E926A1FE4200BDEE4C /* UITableView.swift in Sources */,
				D9CAF6F126A1FE4200BDEE4C /* AppTitle.swift in Sources */,
				D9CAF6E226A1FE4200BDEE4C /* TableViewDataSource.swift in Sources */,
				D9CAF70526A1FE5200BDEE4C /* AppRouter.swift in Sources */,
				D9CAF6E526A1FE4200BDEE4C /* UIViewController + NVActivityIndicator.swift in Sources */,
				D9CAF6DF26A1FE4200BDEE4C /* Router.swift in Sources */,
				D9CAF70326A1FE4900BDEE4C /* MoyaServiceHelper.swift in Sources */,
				D9CAF6ED26A1FE4200BDEE4C /* UIView + Animation.swift in Sources */,
				D9CAF6EC26A1FE4200BDEE4C /* UIApplication.swift in Sources */,
				D9CAF6EB26A1FE4200BDEE4C /* UIViewController.swift in Sources */,
				D9CAF6EA26A1FE4200BDEE4C /* UIImageView + Kingfisher.swift in Sources */,
				D9CAF6E326A1FE4200BDEE4C /* Configurable.swift in Sources */,
				D9CAF6EF26A1FE4200BDEE4C /* Int.swift in Sources */,
				D9CAF70126A1FE4900BDEE4C /* ServiceType.swift in Sources */,
			);
			runOnlyForDeploymentPostprocessing = 0;
		};
/* End PBXSourcesBuildPhase section */

/* Begin PBXVariantGroup section */
		D9CAF6A026A1FA3300BDEE4C /* LaunchScreen.storyboard */ = {
			isa = PBXVariantGroup;
			children = (
				D9CAF6A126A1FA3300BDEE4C /* Base */,
			);
			name = LaunchScreen.storyboard;
			sourceTree = "<group>";
		};
/* End PBXVariantGroup section */

/* Begin XCBuildConfiguration section */
		D9CAF6A426A1FA3300BDEE4C /* Debug */ = {
			isa = XCBuildConfiguration;
			baseConfigurationReference = D9CAF70626A2040400BDEE4C /* configurations.debug.xcconfig */;
			buildSettings = {
				ALWAYS_SEARCH_USER_PATHS = NO;
				CLANG_ANALYZER_NONNULL = YES;
				CLANG_ANALYZER_NUMBER_OBJECT_CONVERSION = YES_AGGRESSIVE;
				CLANG_CXX_LANGUAGE_STANDARD = "gnu++14";
				CLANG_CXX_LIBRARY = "libc++";
				CLANG_ENABLE_MODULES = YES;
				CLANG_ENABLE_OBJC_ARC = YES;
				CLANG_ENABLE_OBJC_WEAK = YES;
				CLANG_WARN_BLOCK_CAPTURE_AUTORELEASING = YES;
				CLANG_WARN_BOOL_CONVERSION = YES;
				CLANG_WARN_COMMA = YES;
				CLANG_WARN_CONSTANT_CONVERSION = YES;
				CLANG_WARN_DEPRECATED_OBJC_IMPLEMENTATIONS = YES;
				CLANG_WARN_DIRECT_OBJC_ISA_USAGE = YES_ERROR;
				CLANG_WARN_DOCUMENTATION_COMMENTS = YES;
				CLANG_WARN_EMPTY_BODY = YES;
				CLANG_WARN_ENUM_CONVERSION = YES;
				CLANG_WARN_INFINITE_RECURSION = YES;
				CLANG_WARN_INT_CONVERSION = YES;
				CLANG_WARN_NON_LITERAL_NULL_CONVERSION = YES;
				CLANG_WARN_OBJC_IMPLICIT_RETAIN_SELF = YES;
				CLANG_WARN_OBJC_LITERAL_CONVERSION = YES;
				CLANG_WARN_OBJC_ROOT_CLASS = YES_ERROR;
				CLANG_WARN_QUOTED_INCLUDE_IN_FRAMEWORK_HEADER = YES;
				CLANG_WARN_RANGE_LOOP_ANALYSIS = YES;
				CLANG_WARN_STRICT_PROTOTYPES = YES;
				CLANG_WARN_SUSPICIOUS_MOVE = YES;
				CLANG_WARN_UNGUARDED_AVAILABILITY = YES_AGGRESSIVE;
				CLANG_WARN_UNREACHABLE_CODE = YES;
				CLANG_WARN__DUPLICATE_METHOD_MATCH = YES;
				COPY_PHASE_STRIP = NO;
				DEBUG_INFORMATION_FORMAT = dwarf;
				ENABLE_STRICT_OBJC_MSGSEND = YES;
				ENABLE_TESTABILITY = YES;
				GCC_C_LANGUAGE_STANDARD = gnu11;
				GCC_DYNAMIC_NO_PIC = NO;
				GCC_NO_COMMON_BLOCKS = YES;
				GCC_OPTIMIZATION_LEVEL = 0;
				GCC_PREPROCESSOR_DEFINITIONS = (
					"DEBUG=1",
					"$(inherited)",
				);
				GCC_WARN_64_TO_32_BIT_CONVERSION = YES;
				GCC_WARN_ABOUT_RETURN_TYPE = YES_ERROR;
				GCC_WARN_UNDECLARED_SELECTOR = YES;
				GCC_WARN_UNINITIALIZED_AUTOS = YES_AGGRESSIVE;
				GCC_WARN_UNUSED_FUNCTION = YES;
				GCC_WARN_UNUSED_VARIABLE = YES;
				IPHONEOS_DEPLOYMENT_TARGET = 12.1;
				MTL_ENABLE_DEBUG_INFO = INCLUDE_SOURCE;
				MTL_FAST_MATH = YES;
				ONLY_ACTIVE_ARCH = YES;
				SDKROOT = iphoneos;
				SWIFT_ACTIVE_COMPILATION_CONDITIONS = DEBUG;
				SWIFT_OPTIMIZATION_LEVEL = "-Onone";
			};
			name = Debug;
		};
		D9CAF6A526A1FA3300BDEE4C /* Release */ = {
			isa = XCBuildConfiguration;
			baseConfigurationReference = 951982DA5CF3C6DCE06EEE59 /* Pods-WWNews.release.xcconfig */;
			buildSettings = {
				ALWAYS_SEARCH_USER_PATHS = NO;
				CLANG_ANALYZER_NONNULL = YES;
				CLANG_ANALYZER_NUMBER_OBJECT_CONVERSION = YES_AGGRESSIVE;
				CLANG_CXX_LANGUAGE_STANDARD = "gnu++14";
				CLANG_CXX_LIBRARY = "libc++";
				CLANG_ENABLE_MODULES = YES;
				CLANG_ENABLE_OBJC_ARC = YES;
				CLANG_ENABLE_OBJC_WEAK = YES;
				CLANG_WARN_BLOCK_CAPTURE_AUTORELEASING = YES;
				CLANG_WARN_BOOL_CONVERSION = YES;
				CLANG_WARN_COMMA = YES;
				CLANG_WARN_CONSTANT_CONVERSION = YES;
				CLANG_WARN_DEPRECATED_OBJC_IMPLEMENTATIONS = YES;
				CLANG_WARN_DIRECT_OBJC_ISA_USAGE = YES_ERROR;
				CLANG_WARN_DOCUMENTATION_COMMENTS = YES;
				CLANG_WARN_EMPTY_BODY = YES;
				CLANG_WARN_ENUM_CONVERSION = YES;
				CLANG_WARN_INFINITE_RECURSION = YES;
				CLANG_WARN_INT_CONVERSION = YES;
				CLANG_WARN_NON_LITERAL_NULL_CONVERSION = YES;
				CLANG_WARN_OBJC_IMPLICIT_RETAIN_SELF = YES;
				CLANG_WARN_OBJC_LITERAL_CONVERSION = YES;
				CLANG_WARN_OBJC_ROOT_CLASS = YES_ERROR;
				CLANG_WARN_QUOTED_INCLUDE_IN_FRAMEWORK_HEADER = YES;
				CLANG_WARN_RANGE_LOOP_ANALYSIS = YES;
				CLANG_WARN_STRICT_PROTOTYPES = YES;
				CLANG_WARN_SUSPICIOUS_MOVE = YES;
				CLANG_WARN_UNGUARDED_AVAILABILITY = YES_AGGRESSIVE;
				CLANG_WARN_UNREACHABLE_CODE = YES;
				CLANG_WARN__DUPLICATE_METHOD_MATCH = YES;
				COPY_PHASE_STRIP = NO;
				DEBUG_INFORMATION_FORMAT = "dwarf-with-dsym";
				ENABLE_NS_ASSERTIONS = NO;
				ENABLE_STRICT_OBJC_MSGSEND = YES;
				GCC_C_LANGUAGE_STANDARD = gnu11;
				GCC_NO_COMMON_BLOCKS = YES;
				GCC_WARN_64_TO_32_BIT_CONVERSION = YES;
				GCC_WARN_ABOUT_RETURN_TYPE = YES_ERROR;
				GCC_WARN_UNDECLARED_SELECTOR = YES;
				GCC_WARN_UNINITIALIZED_AUTOS = YES_AGGRESSIVE;
				GCC_WARN_UNUSED_FUNCTION = YES;
				GCC_WARN_UNUSED_VARIABLE = YES;
				IPHONEOS_DEPLOYMENT_TARGET = 12.1;
				MTL_ENABLE_DEBUG_INFO = NO;
				MTL_FAST_MATH = YES;
				SDKROOT = iphoneos;
				SWIFT_COMPILATION_MODE = wholemodule;
				SWIFT_OPTIMIZATION_LEVEL = "-O";
				VALIDATE_PRODUCT = YES;
			};
			name = Release;
		};
		D9CAF6A726A1FA3300BDEE4C /* Debug */ = {
			isa = XCBuildConfiguration;
			baseConfigurationReference = 2697DB412582169D5B243429 /* Pods-WWNews.debug.xcconfig */;
			buildSettings = {
				ASSETCATALOG_COMPILER_APPICON_NAME = AppIcon;
				ASSETCATALOG_COMPILER_GLOBAL_ACCENT_COLOR_NAME = AccentColor;
				CODE_SIGN_STYLE = Automatic;
				DEVELOPMENT_TEAM = 57CN6FH4FY;
				INFOPLIST_FILE = WWNews/Configuration/Info.plist;
				IPHONEOS_DEPLOYMENT_TARGET = 12.1;
				LD_RUNPATH_SEARCH_PATHS = (
					"$(inherited)",
					"@executable_path/Frameworks",
				);
				PRODUCT_BUNDLE_IDENTIFIER = com.shemy.WWNews;
				PRODUCT_NAME = "$(TARGET_NAME)";
				SWIFT_VERSION = 5.0;
				TARGETED_DEVICE_FAMILY = "1,2";
			};
			name = Debug;
		};
		D9CAF6A826A1FA3300BDEE4C /* Release */ = {
			isa = XCBuildConfiguration;
			baseConfigurationReference = 951982DA5CF3C6DCE06EEE59 /* Pods-WWNews.release.xcconfig */;
			buildSettings = {
				ASSETCATALOG_COMPILER_APPICON_NAME = AppIcon;
				ASSETCATALOG_COMPILER_GLOBAL_ACCENT_COLOR_NAME = AccentColor;
				CODE_SIGN_STYLE = Automatic;
				DEVELOPMENT_TEAM = 57CN6FH4FY;
				INFOPLIST_FILE = WWNews/Configuration/Info.plist;
				IPHONEOS_DEPLOYMENT_TARGET = 12.1;
				LD_RUNPATH_SEARCH_PATHS = (
					"$(inherited)",
					"@executable_path/Frameworks",
				);
				PRODUCT_BUNDLE_IDENTIFIER = com.shemy.WWNews;
				PRODUCT_NAME = "$(TARGET_NAME)";
				SWIFT_VERSION = 5.0;
				TARGETED_DEVICE_FAMILY = "1,2";
			};
			name = Release;
		};
/* End XCBuildConfiguration section */

/* Begin XCConfigurationList section */
		D9CAF68D26A1FA2D00BDEE4C /* Build configuration list for PBXProject "WWNews" */ = {
			isa = XCConfigurationList;
			buildConfigurations = (
				D9CAF6A426A1FA3300BDEE4C /* Debug */,
				D9CAF6A526A1FA3300BDEE4C /* Release */,
			);
			defaultConfigurationIsVisible = 0;
			defaultConfigurationName = Release;
		};
		D9CAF6A626A1FA3300BDEE4C /* Build configuration list for PBXNativeTarget "WWNews" */ = {
			isa = XCConfigurationList;
			buildConfigurations = (
				D9CAF6A726A1FA3300BDEE4C /* Debug */,
				D9CAF6A826A1FA3300BDEE4C /* Release */,
			);
			defaultConfigurationIsVisible = 0;
			defaultConfigurationName = Release;
		};
/* End XCConfigurationList section */
	};
	rootObject = D9CAF68A26A1FA2D00BDEE4C /* Project object */;
}
